// !$*UTF8*$!
{
	archiveVersion = 1;
	classes = {
	};
	objectVersion = 56;
	objects = {

/* Begin PBXBuildFile section */
		4436FBEE2AC006C400A34AD7 /* UIViewController+Extension.swift in Sources */ = {isa = PBXBuildFile; fileRef = 4436FBED2AC006C400A34AD7 /* UIViewController+Extension.swift */; };
		4436FBF02AC0636800A34AD7 /* Helper.swift in Sources */ = {isa = PBXBuildFile; fileRef = 4436FBEF2AC0636800A34AD7 /* Helper.swift */; };
		4436FBF22AC063CC00A34AD7 /* CustomAlertViewController.swift in Sources */ = {isa = PBXBuildFile; fileRef = 4436FBF12AC063CC00A34AD7 /* CustomAlertViewController.swift */; };
		4436FBF52AC066CA00A34AD7 /* CustomActionSheetView.swift in Sources */ = {isa = PBXBuildFile; fileRef = 4436FBF42AC066CA00A34AD7 /* CustomActionSheetView.swift */; };
		4436FBF72AC0750F00A34AD7 /* CustomDefaultView.swift in Sources */ = {isa = PBXBuildFile; fileRef = 4436FBF62AC0750F00A34AD7 /* CustomDefaultView.swift */; };
		4463D84C2AB5DC45006B0D93 /* DataPersistenceService.swift in Sources */ = {isa = PBXBuildFile; fileRef = 4463D84B2AB5DC45006B0D93 /* DataPersistenceService.swift */; };
		4463D8732AB75996006B0D93 /* AppDelegate.swift in Sources */ = {isa = PBXBuildFile; fileRef = 4463D86E2AB75996006B0D93 /* AppDelegate.swift */; };
		4463D8752AB75996006B0D93 /* SceneDelegate.swift in Sources */ = {isa = PBXBuildFile; fileRef = 4463D8702AB75996006B0D93 /* SceneDelegate.swift */; };
		4463D8762AB75996006B0D93 /* Assets.xcassets in Resources */ = {isa = PBXBuildFile; fileRef = 4463D8712AB75996006B0D93 /* Assets.xcassets */; };
		4463D8792AB759AC006B0D93 /* LaunchScreen.storyboard in Resources */ = {isa = PBXBuildFile; fileRef = 4463D8772AB759AC006B0D93 /* LaunchScreen.storyboard */; };
		4463D8852AB75C81006B0D93 /* HomeViewModel.swift in Sources */ = {isa = PBXBuildFile; fileRef = 4463D8842AB75C81006B0D93 /* HomeViewModel.swift */; };
		4463D8872AB75C8B006B0D93 /* HomeModel.swift in Sources */ = {isa = PBXBuildFile; fileRef = 4463D8862AB75C8B006B0D93 /* HomeModel.swift */; };
		4463D8892AB75C99006B0D93 /* HomeViewController.swift in Sources */ = {isa = PBXBuildFile; fileRef = 4463D8882AB75C99006B0D93 /* HomeViewController.swift */; };
		4463D88C2AB766D2006B0D93 /* CustomHeaderView.swift in Sources */ = {isa = PBXBuildFile; fileRef = 4463D88B2AB766D2006B0D93 /* CustomHeaderView.swift */; };
		4463D88F2AB76887006B0D93 /* TasksViewController.swift in Sources */ = {isa = PBXBuildFile; fileRef = 4463D88E2AB76887006B0D93 /* TasksViewController.swift */; };
		4463D8922AB76933006B0D93 /* FormTextView.swift in Sources */ = {isa = PBXBuildFile; fileRef = 4463D8912AB76933006B0D93 /* FormTextView.swift */; };
		4463D8962AB76A10006B0D93 /* UIView+Extension.swift in Sources */ = {isa = PBXBuildFile; fileRef = 4463D8952AB76A10006B0D93 /* UIView+Extension.swift */; };
		4463D8982AB76A69006B0D93 /* FormSimpleTextView.swift in Sources */ = {isa = PBXBuildFile; fileRef = 4463D8972AB76A69006B0D93 /* FormSimpleTextView.swift */; };
		4463D89A2AB76C3E006B0D93 /* FormTextWithTitleView.swift in Sources */ = {isa = PBXBuildFile; fileRef = 4463D8992AB76C3E006B0D93 /* FormTextWithTitleView.swift */; };
		4463D89C2AB77041006B0D93 /* UIColor+Extension.swift in Sources */ = {isa = PBXBuildFile; fileRef = 4463D89B2AB77041006B0D93 /* UIColor+Extension.swift */; };
		4463D89E2AB773A6006B0D93 /* UIButton+Extension.swift in Sources */ = {isa = PBXBuildFile; fileRef = 4463D89D2AB773A6006B0D93 /* UIButton+Extension.swift */; };
		4463D8A12ABEBFFC006B0D93 /* TaskTableViewCell.swift in Sources */ = {isa = PBXBuildFile; fileRef = 4463D8A02ABEBFFC006B0D93 /* TaskTableViewCell.swift */; };
		4463D8A62ABECF24006B0D93 /* HomeViewController+Delegate.swift in Sources */ = {isa = PBXBuildFile; fileRef = 4463D8A52ABECF24006B0D93 /* HomeViewController+Delegate.swift */; };
		4463D8A92ABEDA0C006B0D93 /* AppConstants.swift in Sources */ = {isa = PBXBuildFile; fileRef = 4463D8A82ABEDA0C006B0D93 /* AppConstants.swift */; };
		4463D8AB2ABFDD69006B0D93 /* Date+Extension.swift in Sources */ = {isa = PBXBuildFile; fileRef = 4463D8AA2ABFDD69006B0D93 /* Date+Extension.swift */; };
		44F304F82AC7C04800B38CB0 /* UIApplication+Extension.swift in Sources */ = {isa = PBXBuildFile; fileRef = 44F304F72AC7C04800B38CB0 /* UIApplication+Extension.swift */; };
		44F304FC2AC904CB00B38CB0 /* CustomAlertSheetView.swift in Sources */ = {isa = PBXBuildFile; fileRef = 44F304FB2AC904CB00B38CB0 /* CustomAlertSheetView.swift */; };
		44F305022AC9466500B38CB0 /* TaskPreviewViewController.swift in Sources */ = {isa = PBXBuildFile; fileRef = 44F305012AC9466500B38CB0 /* TaskPreviewViewController.swift */; };
		44F305042ACA4ED000B38CB0 /* HomeViewController+DragDelegate.swift in Sources */ = {isa = PBXBuildFile; fileRef = 44F305032ACA4ED000B38CB0 /* HomeViewController+DragDelegate.swift */; };
		44F305062ACA60A400B38CB0 /* TaskView.swift in Sources */ = {isa = PBXBuildFile; fileRef = 44F305052ACA60A300B38CB0 /* TaskView.swift */; };
/* End PBXBuildFile section */

/* Begin PBXFileReference section */
		4436FBED2AC006C400A34AD7 /* UIViewController+Extension.swift */ = {isa = PBXFileReference; lastKnownFileType = sourcecode.swift; path = "UIViewController+Extension.swift"; sourceTree = "<group>"; };
		4436FBEF2AC0636800A34AD7 /* Helper.swift */ = {isa = PBXFileReference; lastKnownFileType = sourcecode.swift; path = Helper.swift; sourceTree = "<group>"; };
		4436FBF12AC063CC00A34AD7 /* CustomAlertViewController.swift */ = {isa = PBXFileReference; lastKnownFileType = sourcecode.swift; path = CustomAlertViewController.swift; sourceTree = "<group>"; };
		4436FBF42AC066CA00A34AD7 /* CustomActionSheetView.swift */ = {isa = PBXFileReference; lastKnownFileType = sourcecode.swift; path = CustomActionSheetView.swift; sourceTree = "<group>"; };
		4436FBF62AC0750F00A34AD7 /* CustomDefaultView.swift */ = {isa = PBXFileReference; lastKnownFileType = sourcecode.swift; path = CustomDefaultView.swift; sourceTree = "<group>"; };
		4463D8312AB5DA7C006B0D93 /* SwiftDataDemo.app */ = {isa = PBXFileReference; explicitFileType = wrapper.application; includeInIndex = 0; path = SwiftDataDemo.app; sourceTree = BUILT_PRODUCTS_DIR; };
		4463D84B2AB5DC45006B0D93 /* DataPersistenceService.swift */ = {isa = PBXFileReference; lastKnownFileType = sourcecode.swift; path = DataPersistenceService.swift; sourceTree = "<group>"; };
		4463D86E2AB75996006B0D93 /* AppDelegate.swift */ = {isa = PBXFileReference; fileEncoding = 4; lastKnownFileType = sourcecode.swift; path = AppDelegate.swift; sourceTree = "<group>"; };
		4463D86F2AB75996006B0D93 /* Info.plist */ = {isa = PBXFileReference; fileEncoding = 4; lastKnownFileType = text.plist.xml; path = Info.plist; sourceTree = "<group>"; };
		4463D8702AB75996006B0D93 /* SceneDelegate.swift */ = {isa = PBXFileReference; fileEncoding = 4; lastKnownFileType = sourcecode.swift; path = SceneDelegate.swift; sourceTree = "<group>"; };
		4463D8712AB75996006B0D93 /* Assets.xcassets */ = {isa = PBXFileReference; lastKnownFileType = folder.assetcatalog; path = Assets.xcassets; sourceTree = "<group>"; };
		4463D8782AB759AC006B0D93 /* Base */ = {isa = PBXFileReference; lastKnownFileType = file.storyboard; name = Base; path = Base.lproj/LaunchScreen.storyboard; sourceTree = "<group>"; };
		4463D8842AB75C81006B0D93 /* HomeViewModel.swift */ = {isa = PBXFileReference; fileEncoding = 4; lastKnownFileType = sourcecode.swift; path = HomeViewModel.swift; sourceTree = "<group>"; };
		4463D8862AB75C8B006B0D93 /* HomeModel.swift */ = {isa = PBXFileReference; lastKnownFileType = sourcecode.swift; path = HomeModel.swift; sourceTree = "<group>"; };
		4463D8882AB75C99006B0D93 /* HomeViewController.swift */ = {isa = PBXFileReference; lastKnownFileType = sourcecode.swift; path = HomeViewController.swift; sourceTree = "<group>"; };
		4463D88B2AB766D2006B0D93 /* CustomHeaderView.swift */ = {isa = PBXFileReference; lastKnownFileType = sourcecode.swift; path = CustomHeaderView.swift; sourceTree = "<group>"; };
		4463D88E2AB76887006B0D93 /* TasksViewController.swift */ = {isa = PBXFileReference; lastKnownFileType = sourcecode.swift; path = TasksViewController.swift; sourceTree = "<group>"; };
		4463D8912AB76933006B0D93 /* FormTextView.swift */ = {isa = PBXFileReference; lastKnownFileType = sourcecode.swift; path = FormTextView.swift; sourceTree = "<group>"; };
		4463D8952AB76A10006B0D93 /* UIView+Extension.swift */ = {isa = PBXFileReference; lastKnownFileType = sourcecode.swift; path = "UIView+Extension.swift"; sourceTree = "<group>"; };
		4463D8972AB76A69006B0D93 /* FormSimpleTextView.swift */ = {isa = PBXFileReference; lastKnownFileType = sourcecode.swift; path = FormSimpleTextView.swift; sourceTree = "<group>"; };
		4463D8992AB76C3E006B0D93 /* FormTextWithTitleView.swift */ = {isa = PBXFileReference; lastKnownFileType = sourcecode.swift; path = FormTextWithTitleView.swift; sourceTree = "<group>"; };
		4463D89B2AB77041006B0D93 /* UIColor+Extension.swift */ = {isa = PBXFileReference; lastKnownFileType = sourcecode.swift; path = "UIColor+Extension.swift"; sourceTree = "<group>"; };
		4463D89D2AB773A6006B0D93 /* UIButton+Extension.swift */ = {isa = PBXFileReference; lastKnownFileType = sourcecode.swift; path = "UIButton+Extension.swift"; sourceTree = "<group>"; };
		4463D8A02ABEBFFC006B0D93 /* TaskTableViewCell.swift */ = {isa = PBXFileReference; lastKnownFileType = sourcecode.swift; path = TaskTableViewCell.swift; sourceTree = "<group>"; };
		4463D8A52ABECF24006B0D93 /* HomeViewController+Delegate.swift */ = {isa = PBXFileReference; lastKnownFileType = sourcecode.swift; path = "HomeViewController+Delegate.swift"; sourceTree = "<group>"; };
		4463D8A82ABEDA0C006B0D93 /* AppConstants.swift */ = {isa = PBXFileReference; lastKnownFileType = sourcecode.swift; path = AppConstants.swift; sourceTree = "<group>"; };
		4463D8AA2ABFDD69006B0D93 /* Date+Extension.swift */ = {isa = PBXFileReference; lastKnownFileType = sourcecode.swift; path = "Date+Extension.swift"; sourceTree = "<group>"; };
		44F304F72AC7C04800B38CB0 /* UIApplication+Extension.swift */ = {isa = PBXFileReference; lastKnownFileType = sourcecode.swift; path = "UIApplication+Extension.swift"; sourceTree = "<group>"; };
		44F304FB2AC904CB00B38CB0 /* CustomAlertSheetView.swift */ = {isa = PBXFileReference; lastKnownFileType = sourcecode.swift; path = CustomAlertSheetView.swift; sourceTree = "<group>"; };
		44F305012AC9466500B38CB0 /* TaskPreviewViewController.swift */ = {isa = PBXFileReference; lastKnownFileType = sourcecode.swift; path = TaskPreviewViewController.swift; sourceTree = "<group>"; };
		44F305032ACA4ED000B38CB0 /* HomeViewController+DragDelegate.swift */ = {isa = PBXFileReference; lastKnownFileType = sourcecode.swift; path = "HomeViewController+DragDelegate.swift"; sourceTree = "<group>"; };
		44F305052ACA60A300B38CB0 /* TaskView.swift */ = {isa = PBXFileReference; lastKnownFileType = sourcecode.swift; path = TaskView.swift; sourceTree = "<group>"; };
/* End PBXFileReference section */

/* Begin PBXFrameworksBuildPhase section */
		4463D82E2AB5DA7C006B0D93 /* Frameworks */ = {
			isa = PBXFrameworksBuildPhase;
			buildActionMask = 2147483647;
			files = (
			);
			runOnlyForDeploymentPostprocessing = 0;
		};
/* End PBXFrameworksBuildPhase section */

/* Begin PBXGroup section */
		4436FBF32AC066AA00A34AD7 /* CustomAlertView */ = {
			isa = PBXGroup;
			children = (
				4436FBF12AC063CC00A34AD7 /* CustomAlertViewController.swift */,
				4436FBF42AC066CA00A34AD7 /* CustomActionSheetView.swift */,
				44F304FB2AC904CB00B38CB0 /* CustomAlertSheetView.swift */,
			);
			path = CustomAlertView;
			sourceTree = "<group>";
		};
		4463D8282AB5DA7C006B0D93 = {
			isa = PBXGroup;
			children = (
				4463D8332AB5DA7C006B0D93 /* SwiftDataDemo */,
				4463D8322AB5DA7C006B0D93 /* Products */,
			);
			sourceTree = "<group>";
		};
		4463D8322AB5DA7C006B0D93 /* Products */ = {
			isa = PBXGroup;
			children = (
				4463D8312AB5DA7C006B0D93 /* SwiftDataDemo.app */,
			);
			name = Products;
			sourceTree = "<group>";
		};
		4463D8332AB5DA7C006B0D93 /* SwiftDataDemo */ = {
			isa = PBXGroup;
			children = (
				4463D8932AB769CC006B0D93 /* Utils */,
				4463D87A2AB75B1A006B0D93 /* Screens */,
				4463D86A2AB75942006B0D93 /* SupportingFiles */,
				4463D8482AB5DC12006B0D93 /* DataPersistence */,
			);
			path = SwiftDataDemo;
			sourceTree = "<group>";
		};
		4463D8482AB5DC12006B0D93 /* DataPersistence */ = {
			isa = PBXGroup;
			children = (
				4463D84B2AB5DC45006B0D93 /* DataPersistenceService.swift */,
			);
			path = DataPersistence;
			sourceTree = "<group>";
		};
		4463D86A2AB75942006B0D93 /* SupportingFiles */ = {
			isa = PBXGroup;
			children = (
				4463D86E2AB75996006B0D93 /* AppDelegate.swift */,
				4463D8712AB75996006B0D93 /* Assets.xcassets */,
				4463D86F2AB75996006B0D93 /* Info.plist */,
				4463D8702AB75996006B0D93 /* SceneDelegate.swift */,
				4463D8772AB759AC006B0D93 /* LaunchScreen.storyboard */,
			);
			path = SupportingFiles;
			sourceTree = "<group>";
		};
		4463D87A2AB75B1A006B0D93 /* Screens */ = {
			isa = PBXGroup;
			children = (
				4463D8A42ABECEED006B0D93 /* Task */,
				4463D88A2AB76677006B0D93 /* ReusableViews */,
				4463D87B2AB75B2D006B0D93 /* Home */,
			);
			path = Screens;
			sourceTree = "<group>";
		};
		4463D87B2AB75B2D006B0D93 /* Home */ = {
			isa = PBXGroup;
			children = (
				4463D8A32ABECEC7006B0D93 /* Model */,
				4463D8A22ABECE49006B0D93 /* ViewModel */,
				4463D89F2ABEBFE2006B0D93 /* View */,
			);
			path = Home;
			sourceTree = "<group>";
		};
		4463D88A2AB76677006B0D93 /* ReusableViews */ = {
			isa = PBXGroup;
			children = (
				4436FBF32AC066AA00A34AD7 /* CustomAlertView */,
				4463D8902AB76914006B0D93 /* FormViews */,
				4463D88B2AB766D2006B0D93 /* CustomHeaderView.swift */,
				4436FBF62AC0750F00A34AD7 /* CustomDefaultView.swift */,
			);
			path = ReusableViews;
			sourceTree = "<group>";
		};
		4463D88D2AB7686C006B0D93 /* Controller */ = {
			isa = PBXGroup;
			children = (
				4463D8882AB75C99006B0D93 /* HomeViewController.swift */,
				4463D8A52ABECF24006B0D93 /* HomeViewController+Delegate.swift */,
				44F305012AC9466500B38CB0 /* TaskPreviewViewController.swift */,
				44F305032ACA4ED000B38CB0 /* HomeViewController+DragDelegate.swift */,
			);
			path = Controller;
			sourceTree = "<group>";
		};
		4463D8902AB76914006B0D93 /* FormViews */ = {
			isa = PBXGroup;
			children = (
				4463D8912AB76933006B0D93 /* FormTextView.swift */,
				4463D8972AB76A69006B0D93 /* FormSimpleTextView.swift */,
				4463D8992AB76C3E006B0D93 /* FormTextWithTitleView.swift */,
			);
			path = FormViews;
			sourceTree = "<group>";
		};
		4463D8932AB769CC006B0D93 /* Utils */ = {
			isa = PBXGroup;
			children = (
				4463D8A72ABEDA01006B0D93 /* Others */,
				4463D8942AB76A00006B0D93 /* Extensions */,
			);
			path = Utils;
			sourceTree = "<group>";
		};
		4463D8942AB76A00006B0D93 /* Extensions */ = {
			isa = PBXGroup;
			children = (
				4463D8952AB76A10006B0D93 /* UIView+Extension.swift */,
				4463D89B2AB77041006B0D93 /* UIColor+Extension.swift */,
				4463D89D2AB773A6006B0D93 /* UIButton+Extension.swift */,
				4463D8AA2ABFDD69006B0D93 /* Date+Extension.swift */,
				4436FBED2AC006C400A34AD7 /* UIViewController+Extension.swift */,
				44F304F72AC7C04800B38CB0 /* UIApplication+Extension.swift */,
			);
			path = Extensions;
			sourceTree = "<group>";
		};
		4463D89F2ABEBFE2006B0D93 /* View */ = {
			isa = PBXGroup;
			children = (
				44F305052ACA60A300B38CB0 /* TaskView.swift */,
				4463D8A02ABEBFFC006B0D93 /* TaskTableViewCell.swift */,
				4463D88D2AB7686C006B0D93 /* Controller */,
			);
			path = View;
			sourceTree = "<group>";
		};
		4463D8A22ABECE49006B0D93 /* ViewModel */ = {
			isa = PBXGroup;
			children = (
				4463D8842AB75C81006B0D93 /* HomeViewModel.swift */,
			);
			path = ViewModel;
			sourceTree = "<group>";
		};
		4463D8A32ABECEC7006B0D93 /* Model */ = {
			isa = PBXGroup;
			children = (
				4463D8862AB75C8B006B0D93 /* HomeModel.swift */,
			);
			path = Model;
			sourceTree = "<group>";
		};
		4463D8A42ABECEED006B0D93 /* Task */ = {
			isa = PBXGroup;
			children = (
				4463D88E2AB76887006B0D93 /* TasksViewController.swift */,
			);
			path = Task;
			sourceTree = "<group>";
		};
		4463D8A72ABEDA01006B0D93 /* Others */ = {
			isa = PBXGroup;
			children = (
				4463D8A82ABEDA0C006B0D93 /* AppConstants.swift */,
				4436FBEF2AC0636800A34AD7 /* Helper.swift */,
			);
			path = Others;
			sourceTree = "<group>";
		};
/* End PBXGroup section */

/* Begin PBXNativeTarget section */
		4463D8302AB5DA7C006B0D93 /* SwiftDataDemo */ = {
			isa = PBXNativeTarget;
			buildConfigurationList = 4463D8452AB5DA7F006B0D93 /* Build configuration list for PBXNativeTarget "SwiftDataDemo" */;
			buildPhases = (
				4463D82D2AB5DA7C006B0D93 /* Sources */,
				4463D82E2AB5DA7C006B0D93 /* Frameworks */,
				4463D82F2AB5DA7C006B0D93 /* Resources */,
			);
			buildRules = (
			);
			dependencies = (
			);
			name = SwiftDataDemo;
			productName = SwiftDataDemo;
			productReference = 4463D8312AB5DA7C006B0D93 /* SwiftDataDemo.app */;
			productType = "com.apple.product-type.application";
		};
/* End PBXNativeTarget section */

/* Begin PBXProject section */
		4463D8292AB5DA7C006B0D93 /* Project object */ = {
			isa = PBXProject;
			attributes = {
				BuildIndependentTargetsInParallel = 1;
				LastSwiftUpdateCheck = 1500;
				LastUpgradeCheck = 1500;
				TargetAttributes = {
					4463D8302AB5DA7C006B0D93 = {
						CreatedOnToolsVersion = 15.0;
					};
				};
			};
			buildConfigurationList = 4463D82C2AB5DA7C006B0D93 /* Build configuration list for PBXProject "SwiftDataDemo" */;
			compatibilityVersion = "Xcode 14.0";
			developmentRegion = en;
			hasScannedForEncodings = 0;
			knownRegions = (
				en,
				Base,
			);
			mainGroup = 4463D8282AB5DA7C006B0D93;
			productRefGroup = 4463D8322AB5DA7C006B0D93 /* Products */;
			projectDirPath = "";
			projectRoot = "";
			targets = (
				4463D8302AB5DA7C006B0D93 /* SwiftDataDemo */,
			);
		};
/* End PBXProject section */

/* Begin PBXResourcesBuildPhase section */
		4463D82F2AB5DA7C006B0D93 /* Resources */ = {
			isa = PBXResourcesBuildPhase;
			buildActionMask = 2147483647;
			files = (
				4463D8792AB759AC006B0D93 /* LaunchScreen.storyboard in Resources */,
				4463D8762AB75996006B0D93 /* Assets.xcassets in Resources */,
			);
			runOnlyForDeploymentPostprocessing = 0;
		};
/* End PBXResourcesBuildPhase section */

/* Begin PBXSourcesBuildPhase section */
		4463D82D2AB5DA7C006B0D93 /* Sources */ = {
			isa = PBXSourcesBuildPhase;
			buildActionMask = 2147483647;
			files = (
				4463D8732AB75996006B0D93 /* AppDelegate.swift in Sources */,
				4463D8A92ABEDA0C006B0D93 /* AppConstants.swift in Sources */,
				4463D8922AB76933006B0D93 /* FormTextView.swift in Sources */,
				4463D8A12ABEBFFC006B0D93 /* TaskTableViewCell.swift in Sources */,
				4463D89E2AB773A6006B0D93 /* UIButton+Extension.swift in Sources */,
				4436FBF22AC063CC00A34AD7 /* CustomAlertViewController.swift in Sources */,
				4463D8982AB76A69006B0D93 /* FormSimpleTextView.swift in Sources */,
				4463D89A2AB76C3E006B0D93 /* FormTextWithTitleView.swift in Sources */,
				4436FBF02AC0636800A34AD7 /* Helper.swift in Sources */,
				44F305042ACA4ED000B38CB0 /* HomeViewController+DragDelegate.swift in Sources */,
				4463D88C2AB766D2006B0D93 /* CustomHeaderView.swift in Sources */,
				44F304F82AC7C04800B38CB0 /* UIApplication+Extension.swift in Sources */,
				4436FBEE2AC006C400A34AD7 /* UIViewController+Extension.swift in Sources */,
				4463D88F2AB76887006B0D93 /* TasksViewController.swift in Sources */,
				4463D8872AB75C8B006B0D93 /* HomeModel.swift in Sources */,
				44F305062ACA60A400B38CB0 /* TaskView.swift in Sources */,
				4436FBF52AC066CA00A34AD7 /* CustomActionSheetView.swift in Sources */,
				4463D8752AB75996006B0D93 /* SceneDelegate.swift in Sources */,
				4463D8852AB75C81006B0D93 /* HomeViewModel.swift in Sources */,
				4463D8892AB75C99006B0D93 /* HomeViewController.swift in Sources */,
				4463D89C2AB77041006B0D93 /* UIColor+Extension.swift in Sources */,
				4463D8962AB76A10006B0D93 /* UIView+Extension.swift in Sources */,
				4436FBF72AC0750F00A34AD7 /* CustomDefaultView.swift in Sources */,
				4463D8A62ABECF24006B0D93 /* HomeViewController+Delegate.swift in Sources */,
				44F305022AC9466500B38CB0 /* TaskPreviewViewController.swift in Sources */,
				4463D84C2AB5DC45006B0D93 /* DataPersistenceService.swift in Sources */,
				4463D8AB2ABFDD69006B0D93 /* Date+Extension.swift in Sources */,
				44F304FC2AC904CB00B38CB0 /* CustomAlertSheetView.swift in Sources */,
			);
			runOnlyForDeploymentPostprocessing = 0;
		};
/* End PBXSourcesBuildPhase section */

/* Begin PBXVariantGroup section */
		4463D8772AB759AC006B0D93 /* LaunchScreen.storyboard */ = {
			isa = PBXVariantGroup;
			children = (
				4463D8782AB759AC006B0D93 /* Base */,
			);
			name = LaunchScreen.storyboard;
			sourceTree = "<group>";
		};
/* End PBXVariantGroup section */

/* Begin XCBuildConfiguration section */
		4463D8432AB5DA7F006B0D93 /* Debug */ = {
			isa = XCBuildConfiguration;
			buildSettings = {
				ALWAYS_SEARCH_USER_PATHS = NO;
				ASSETCATALOG_COMPILER_GENERATE_SWIFT_ASSET_SYMBOL_EXTENSIONS = YES;
				CLANG_ANALYZER_NONNULL = YES;
				CLANG_ANALYZER_NUMBER_OBJECT_CONVERSION = YES_AGGRESSIVE;
				CLANG_CXX_LANGUAGE_STANDARD = "gnu++20";
				CLANG_ENABLE_MODULES = YES;
				CLANG_ENABLE_OBJC_ARC = YES;
				CLANG_ENABLE_OBJC_WEAK = YES;
				CLANG_WARN_BLOCK_CAPTURE_AUTORELEASING = YES;
				CLANG_WARN_BOOL_CONVERSION = YES;
				CLANG_WARN_COMMA = YES;
				CLANG_WARN_CONSTANT_CONVERSION = YES;
				CLANG_WARN_DEPRECATED_OBJC_IMPLEMENTATIONS = YES;
				CLANG_WARN_DIRECT_OBJC_ISA_USAGE = YES_ERROR;
				CLANG_WARN_DOCUMENTATION_COMMENTS = YES;
				CLANG_WARN_EMPTY_BODY = YES;
				CLANG_WARN_ENUM_CONVERSION = YES;
				CLANG_WARN_INFINITE_RECURSION = YES;
				CLANG_WARN_INT_CONVERSION = YES;
				CLANG_WARN_NON_LITERAL_NULL_CONVERSION = YES;
				CLANG_WARN_OBJC_IMPLICIT_RETAIN_SELF = YES;
				CLANG_WARN_OBJC_LITERAL_CONVERSION = YES;
				CLANG_WARN_OBJC_ROOT_CLASS = YES_ERROR;
				CLANG_WARN_QUOTED_INCLUDE_IN_FRAMEWORK_HEADER = YES;
				CLANG_WARN_RANGE_LOOP_ANALYSIS = YES;
				CLANG_WARN_STRICT_PROTOTYPES = YES;
				CLANG_WARN_SUSPICIOUS_MOVE = YES;
				CLANG_WARN_UNGUARDED_AVAILABILITY = YES_AGGRESSIVE;
				CLANG_WARN_UNREACHABLE_CODE = YES;
				CLANG_WARN__DUPLICATE_METHOD_MATCH = YES;
				COPY_PHASE_STRIP = NO;
				DEBUG_INFORMATION_FORMAT = dwarf;
				ENABLE_STRICT_OBJC_MSGSEND = YES;
				ENABLE_TESTABILITY = YES;
				ENABLE_USER_SCRIPT_SANDBOXING = YES;
				GCC_C_LANGUAGE_STANDARD = gnu17;
				GCC_DYNAMIC_NO_PIC = NO;
				GCC_NO_COMMON_BLOCKS = YES;
				GCC_OPTIMIZATION_LEVEL = 0;
				GCC_PREPROCESSOR_DEFINITIONS = (
					"DEBUG=1",
					"$(inherited)",
				);
				GCC_WARN_64_TO_32_BIT_CONVERSION = YES;
				GCC_WARN_ABOUT_RETURN_TYPE = YES_ERROR;
				GCC_WARN_UNDECLARED_SELECTOR = YES;
				GCC_WARN_UNINITIALIZED_AUTOS = YES_AGGRESSIVE;
				GCC_WARN_UNUSED_FUNCTION = YES;
				GCC_WARN_UNUSED_VARIABLE = YES;
				IPHONEOS_DEPLOYMENT_TARGET = 17.0;
				LOCALIZATION_PREFERS_STRING_CATALOGS = YES;
				MTL_ENABLE_DEBUG_INFO = INCLUDE_SOURCE;
				MTL_FAST_MATH = YES;
				ONLY_ACTIVE_ARCH = YES;
				SDKROOT = iphoneos;
				SWIFT_ACTIVE_COMPILATION_CONDITIONS = "DEBUG $(inherited)";
				SWIFT_OPTIMIZATION_LEVEL = "-Onone";
			};
			name = Debug;
		};
		4463D8442AB5DA7F006B0D93 /* Release */ = {
			isa = XCBuildConfiguration;
			buildSettings = {
				ALWAYS_SEARCH_USER_PATHS = NO;
				ASSETCATALOG_COMPILER_GENERATE_SWIFT_ASSET_SYMBOL_EXTENSIONS = YES;
				CLANG_ANALYZER_NONNULL = YES;
				CLANG_ANALYZER_NUMBER_OBJECT_CONVERSION = YES_AGGRESSIVE;
				CLANG_CXX_LANGUAGE_STANDARD = "gnu++20";
				CLANG_ENABLE_MODULES = YES;
				CLANG_ENABLE_OBJC_ARC = YES;
				CLANG_ENABLE_OBJC_WEAK = YES;
				CLANG_WARN_BLOCK_CAPTURE_AUTORELEASING = YES;
				CLANG_WARN_BOOL_CONVERSION = YES;
				CLANG_WARN_COMMA = YES;
				CLANG_WARN_CONSTANT_CONVERSION = YES;
				CLANG_WARN_DEPRECATED_OBJC_IMPLEMENTATIONS = YES;
				CLANG_WARN_DIRECT_OBJC_ISA_USAGE = YES_ERROR;
				CLANG_WARN_DOCUMENTATION_COMMENTS = YES;
				CLANG_WARN_EMPTY_BODY = YES;
				CLANG_WARN_ENUM_CONVERSION = YES;
				CLANG_WARN_INFINITE_RECURSION = YES;
				CLANG_WARN_INT_CONVERSION = YES;
				CLANG_WARN_NON_LITERAL_NULL_CONVERSION = YES;
				CLANG_WARN_OBJC_IMPLICIT_RETAIN_SELF = YES;
				CLANG_WARN_OBJC_LITERAL_CONVERSION = YES;
				CLANG_WARN_OBJC_ROOT_CLASS = YES_ERROR;
				CLANG_WARN_QUOTED_INCLUDE_IN_FRAMEWORK_HEADER = YES;
				CLANG_WARN_RANGE_LOOP_ANALYSIS = YES;
				CLANG_WARN_STRICT_PROTOTYPES = YES;
				CLANG_WARN_SUSPICIOUS_MOVE = YES;
				CLANG_WARN_UNGUARDED_AVAILABILITY = YES_AGGRESSIVE;
				CLANG_WARN_UNREACHABLE_CODE = YES;
				CLANG_WARN__DUPLICATE_METHOD_MATCH = YES;
				COPY_PHASE_STRIP = NO;
				DEBUG_INFORMATION_FORMAT = "dwarf-with-dsym";
				ENABLE_NS_ASSERTIONS = NO;
				ENABLE_STRICT_OBJC_MSGSEND = YES;
				ENABLE_USER_SCRIPT_SANDBOXING = YES;
				GCC_C_LANGUAGE_STANDARD = gnu17;
				GCC_NO_COMMON_BLOCKS = YES;
				GCC_WARN_64_TO_32_BIT_CONVERSION = YES;
				GCC_WARN_ABOUT_RETURN_TYPE = YES_ERROR;
				GCC_WARN_UNDECLARED_SELECTOR = YES;
				GCC_WARN_UNINITIALIZED_AUTOS = YES_AGGRESSIVE;
				GCC_WARN_UNUSED_FUNCTION = YES;
				GCC_WARN_UNUSED_VARIABLE = YES;
				IPHONEOS_DEPLOYMENT_TARGET = 17.0;
				LOCALIZATION_PREFERS_STRING_CATALOGS = YES;
				MTL_ENABLE_DEBUG_INFO = NO;
				MTL_FAST_MATH = YES;
				SDKROOT = iphoneos;
				SWIFT_COMPILATION_MODE = wholemodule;
				VALIDATE_PRODUCT = YES;
			};
			name = Release;
		};
		4463D8462AB5DA7F006B0D93 /* Debug */ = {
			isa = XCBuildConfiguration;
			buildSettings = {
				ASSETCATALOG_COMPILER_APPICON_NAME = AppIcon;
				ASSETCATALOG_COMPILER_GLOBAL_ACCENT_COLOR_NAME = AccentColor;
				CODE_SIGN_STYLE = Automatic;
				CURRENT_PROJECT_VERSION = 1;
				DEVELOPMENT_TEAM = 9W5STY688V;
				GENERATE_INFOPLIST_FILE = YES;
				INFOPLIST_FILE = SwiftDataDemo/SupportingFiles/Info.plist;
				INFOPLIST_KEY_UIApplicationSupportsIndirectInputEvents = YES;
				INFOPLIST_KEY_UILaunchStoryboardName = LaunchScreen;
				INFOPLIST_KEY_UISupportedInterfaceOrientations = UIInterfaceOrientationPortrait;
				INFOPLIST_KEY_UISupportedInterfaceOrientations_iPad = "UIInterfaceOrientationLandscapeLeft UIInterfaceOrientationLandscapeRight UIInterfaceOrientationPortrait UIInterfaceOrientationPortraitUpsideDown";
				IPHONEOS_DEPLOYMENT_TARGET = 17.0;
				LD_RUNPATH_SEARCH_PATHS = (
					"$(inherited)",
					"@executable_path/Frameworks",
				);
				MARKETING_VERSION = 1.0;
				PRODUCT_BUNDLE_IDENTIFIER = com.dheerajdev.SwiftDataDemo;
				PRODUCT_NAME = "$(TARGET_NAME)";
				SUPPORTED_PLATFORMS = "iphoneos iphonesimulator";
				SUPPORTS_MACCATALYST = NO;
				SUPPORTS_MAC_DESIGNED_FOR_IPHONE_IPAD = NO;
				SWIFT_EMIT_LOC_STRINGS = YES;
				SWIFT_VERSION = 5.0;
				TARGETED_DEVICE_FAMILY = 1;
			};
			name = Debug;
		};
		4463D8472AB5DA7F006B0D93 /* Release */ = {
			isa = XCBuildConfiguration;
			buildSettings = {
				ASSETCATALOG_COMPILER_APPICON_NAME = AppIcon;
				ASSETCATALOG_COMPILER_GLOBAL_ACCENT_COLOR_NAME = AccentColor;
				CODE_SIGN_STYLE = Automatic;
				CURRENT_PROJECT_VERSION = 1;
				DEVELOPMENT_TEAM = 9W5STY688V;
				GENERATE_INFOPLIST_FILE = YES;
				INFOPLIST_FILE = SwiftDataDemo/SupportingFiles/Info.plist;
				INFOPLIST_KEY_UIApplicationSupportsIndirectInputEvents = YES;
				INFOPLIST_KEY_UILaunchStoryboardName = LaunchScreen;
				INFOPLIST_KEY_UISupportedInterfaceOrientations = UIInterfaceOrientationPortrait;
				INFOPLIST_KEY_UISupportedInterfaceOrientations_iPad = "UIInterfaceOrientationLandscapeLeft UIInterfaceOrientationLandscapeRight UIInterfaceOrientationPortrait UIInterfaceOrientationPortraitUpsideDown";
				IPHONEOS_DEPLOYMENT_TARGET = 17.0;
				LD_RUNPATH_SEARCH_PATHS = (
					"$(inherited)",
					"@executable_path/Frameworks",
				);
				MARKETING_VERSION = 1.0;
				PRODUCT_BUNDLE_IDENTIFIER = com.dheerajdev.SwiftDataDemo;
				PRODUCT_NAME = "$(TARGET_NAME)";
				SUPPORTED_PLATFORMS = "iphoneos iphonesimulator";
				SUPPORTS_MACCATALYST = NO;
				SUPPORTS_MAC_DESIGNED_FOR_IPHONE_IPAD = NO;
				SWIFT_EMIT_LOC_STRINGS = YES;
				SWIFT_VERSION = 5.0;
				TARGETED_DEVICE_FAMILY = 1;
			};
			name = Release;
		};
/* End XCBuildConfiguration section */

/* Begin XCConfigurationList section */
		4463D82C2AB5DA7C006B0D93 /* Build configuration list for PBXProject "SwiftDataDemo" */ = {
			isa = XCConfigurationList;
			buildConfigurations = (
				4463D8432AB5DA7F006B0D93 /* Debug */,
				4463D8442AB5DA7F006B0D93 /* Release */,
			);
			defaultConfigurationIsVisible = 0;
			defaultConfigurationName = Release;
		};
		4463D8452AB5DA7F006B0D93 /* Build configuration list for PBXNativeTarget "SwiftDataDemo" */ = {
			isa = XCConfigurationList;
			buildConfigurations = (
				4463D8462AB5DA7F006B0D93 /* Debug */,
				4463D8472AB5DA7F006B0D93 /* Release */,
			);
			defaultConfigurationIsVisible = 0;
			defaultConfigurationName = Release;
		};
/* End XCConfigurationList section */
	};
	rootObject = 4463D8292AB5DA7C006B0D93 /* Project object */;
}
